
Microsoft Visual Studio Solution File, Format Version 12.00
# Visual Studio Version 16
VisualStudioVersion = 16.0.30907.101
MinimumVisualStudioVersion = 10.0.40219.1
Project("{9A19103F-16F7-4668-BE54-9A1E7A4F7556}") = "KampIntro", "KampIntro\KampIntro.csproj", "{B9C58060-BB76-4A19-9B99-6D62EC3E8684}"
EndProject
Project("{9A19103F-16F7-4668-BE54-9A1E7A4F7556}") = "Donguler", "Donguler\Donguler.csproj", "{76FDEBC3-D765-4969-A93F-FC28BA75724A}"
EndProject
Project("{9A19103F-16F7-4668-BE54-9A1E7A4F7556}") = "ClassIntro", "ClassIntro\ClassIntro.csproj", "{19E7551E-84AF-4159-B8C5-E85FD89FA1FA}"
EndProject
Project("{9A19103F-16F7-4668-BE54-9A1E7A4F7556}") = "Methods", "Methods\Methods.csproj", "{C153BEEE-5756-409F-8CC8-2256CCDF5B43}"
EndProject
Project("{FAE04EC0-301F-11D3-BF4B-00C04F79EFBC}") = "Matematik", "Matematik\Matematik.csproj", "{3832F9FF-5212-4DD9-BCC8-74A55875B753}"
EndProject
Project("{FAE04EC0-301F-11D3-BF4B-00C04F79EFBC}") = "DegerVeReferansTipler", "DegerVeReferansTipler\DegerVeReferansTipler.csproj", "{DB58E813-9E28-4AAA-A462-54055593A0CF}"
EndProject
Global
	GlobalSection(SolutionConfigurationPlatforms) = preSolution
		Debug|Any CPU = Debug|Any CPU
		Release|Any CPU = Release|Any CPU
	EndGlobalSection
	GlobalSection(ProjectConfigurationPlatforms) = postSolution
		{B9C58060-BB76-4A19-9B99-6D62EC3E8684}.Debug|Any CPU.ActiveCfg = Debug|Any CPU
		{B9C58060-BB76-4A19-9B99-6D62EC3E8684}.Debug|Any CPU.Build.0 = Debug|Any CPU
		{B9C58060-BB76-4A19-9B99-6D62EC3E8684}.Release|Any CPU.ActiveCfg = Release|Any CPU
		{B9C58060-BB76-4A19-9B99-6D62EC3E8684}.Release|Any CPU.Build.0 = Release|Any CPU
		{76FDEBC3-D765-4969-A93F-FC28BA75724A}.Debug|Any CPU.ActiveCfg = Debug|Any CPU
		{76FDEBC3-D765-4969-A93F-FC28BA75724A}.Debug|Any CPU.Build.0 = Debug|Any CPU
		{76FDEBC3-D765-4969-A93F-FC28BA75724A}.Release|Any CPU.ActiveCfg = Release|Any CPU
		{76FDEBC3-D765-4969-A93F-FC28BA75724A}.Release|Any CPU.Build.0 = Release|Any CPU
		{19E7551E-84AF-4159-B8C5-E85FD89FA1FA}.Debug|Any CPU.ActiveCfg = Debug|Any CPU
		{19E7551E-84AF-4159-B8C5-E85FD89FA1FA}.Debug|Any CPU.Build.0 = Debug|Any CPU
		{19E7551E-84AF-4159-B8C5-E85FD89FA1FA}.Release|Any CPU.ActiveCfg = Release|Any CPU
		{19E7551E-84AF-4159-B8C5-E85FD89FA1FA}.Release|Any CPU.Build.0 = Release|Any CPU
		{C153BEEE-5756-409F-8CC8-2256CCDF5B43}.Debug|Any CPU.ActiveCfg = Debug|Any CPU
		{C153BEEE-5756-409F-8CC8-2256CCDF5B43}.Debug|Any CPU.Build.0 = Debug|Any CPU
		{C153BEEE-5756-409F-8CC8-2256CCDF5B43}.Release|Any CPU.ActiveCfg = Release|Any CPU
		{C153BEEE-5756-409F-8CC8-2256CCDF5B43}.Release|Any CPU.Build.0 = Release|Any CPU
		{3832F9FF-5212-4DD9-BCC8-74A55875B753}.Debug|Any CPU.ActiveCfg = Debug|Any CPU
		{3832F9FF-5212-4DD9-BCC8-74A55875B753}.Debug|Any CPU.Build.0 = Debug|Any CPU
		{3832F9FF-5212-4DD9-BCC8-74A55875B753}.Release|Any CPU.ActiveCfg = Release|Any CPU
		{3832F9FF-5212-4DD9-BCC8-74A55875B753}.Release|Any CPU.Build.0 = Release|Any CPU
		{DB58E813-9E28-4AAA-A462-54055593A0CF}.Debug|Any CPU.ActiveCfg = Debug|Any CPU
		{DB58E813-9E28-4AAA-A462-54055593A0CF}.Debug|Any CPU.Build.0 = Debug|Any CPU
		{DB58E813-9E28-4AAA-A462-54055593A0CF}.Release|Any CPU.ActiveCfg = Release|Any CPU
		{DB58E813-9E28-4AAA-A462-54055593A0CF}.Release|Any CPU.Build.0 = Release|Any CPU
	EndGlobalSection
	GlobalSection(SolutionProperties) = preSolution
		HideSolutionNode = FALSE
	EndGlobalSection
	GlobalSection(ExtensibilityGlobals) = postSolution
		SolutionGuid = {581A25D7-FC00-4174-B13D-D882A7575D9D}
	EndGlobalSection
EndGlobal
